PODS:
  - Alamofire (4.7.2)
  - Cartography (3.0.2)
  - LatoFont (1.0.1)
  - SwiftyJSON (4.1.0)
  - WeatherIconsKit (1.0.0)

DEPENDENCIES:
  - Alamofire (~> 4.7)
  - Cartography (~> 3.0)
  - LatoFont (from `https://github.com/gscalzo/LatoFont.git`)
  - SwiftyJSON (~> 4.1)
  - WeatherIconsKit (from `https://github.com/gscalzo/WeatherIconsKit.git`)

SPEC REPOS:
  https://github.com/cocoapods/specs.git:
    - Alamofire
    - Cartography
    - SwiftyJSON

EXTERNAL SOURCES:
  LatoFont:
    :git: https://github.com/gscalzo/LatoFont.git
  WeatherIconsKit:
    :git: https://github.com/gscalzo/WeatherIconsKit.git

CHECKOUT OPTIONS:
  LatoFont:
    :commit: 2739e4c28c92c82ca2c7daf289a238d62af01c42
    :git: https://github.com/gscalzo/LatoFont.git
  WeatherIconsKit:
    :commit: effa8476b88010a5ea6d3cfcf5fb81db87ff5bfa
    :git: https://github.com/gscalzo/WeatherIconsKit.git

SPEC CHECKSUMS:
  Alamofire: e4fa87002c137ba2d8d634d2c51fabcda0d5c223
  Cartography: 231190d7d0b3107ce8d67c54189f059a509b3760
  LatoFont: 0bfeace154ee2da6080123d0e80560f6e22b187d
  SwiftyJSON: c29297daf073d2aa016295d5809cdd68045c39b3
  WeatherIconsKit: 84526a4cdf9da972c2866f24e40360420b1d40bf

PODFILE CHECKSUM: 804bbc054d48423ee4011d0e281c4676c9f0e6b7

COCOAPODS: 1.5.3
