{
  "object": {
    "pins": [
      {
        "package": "FloatingPanel",
        "repositoryURL": "https://github.com/SCENEE/FloatingPanel.git",
        "state": {
          "branch": null,
          "revision": "e4548b26bd28a271f8aa52e04f64bb2401d5e5a7",
          "version": "1.7.5"
        }
      },
      {
        "package": "Reachability",
        "repositoryURL": "https://github.com/ashleymills/Reachability.swift",
        "state": {
          "branch": null,
          "revision": "98e968e7b6c1318fb61df23e347bc319761e8acb",
          "version": "5.0.0"
        }
      },
      {
        "package": "Realm",
        "repositoryURL": "https://github.com/realm/realm-cocoa.git",
        "state": {
          "branch": null,
          "revision": "d35c699577de02ffb2e025e9e6b308a38408bfe6",
          "version": "5.0.3"
        }
      },
      {
        "package": "RealmCore",
        "repositoryURL": "https://github.com/realm/realm-core",
        "state": {
          "branch": null,
          "revision": "bc900a2a8e05722c1b42f95396adb3c99eeb500f",
          "version": "6.0.6"
        }
      },
      {
        "package": "SPPermissions",
        "repositoryURL": "https://github.com/ivanvorobei/SPPermissions",
        "state": {
          "branch": null,
          "revision": "b62dcaed6c99894feb1244fba6f7b19be7cd60ec",
          "version": "5.3.2"
        }
      }
    ]
  },
  "version": 1
}
